{
  "name": "homepage",
  "version": "1.0.0",
  "lockfileVersion": 3,
  "requires": true,
  "packages": {
    "": {
      "name": "homepage",
      "version": "1.0.0",
      "license": "ISC",
      "dependencies": {
        "@iamtraction/google-translate": "^2.0.1"
      }
    },
    "node_modules/@iamtraction/google-translate": {
      "version": "2.0.1",
      "resolved": "https://registry.npmjs.org/@iamtraction/google-translate/-/google-translate-2.0.1.tgz",
      "integrity": "sha512-kOTkt23zflxpgxLIe9tLvDU8IvNscXYbgMSXydNkZGWDtJ75YJiU3v7EBz+t7h/gSiY7sT5r4dlFkMrHCl+N6A==",
      "dependencies": {
        "undici": "^5.12.0"
      },
      "engines": {
        "node": ">=16.0.0"
      }
    },
    "node_modules/undici": {
      "version": "6.28.1",
      "resolved": "https://registry.npmjs.org/undici/-/undici-6.28.1.tgz",
      "integrity": "sha512-zWpdTVD54H48CIybL0rWQ3ukpb9d23wM7eH5RtfdmeP70cWHNjtfo7P4vZX+5CoDcO53J4Pu5uXp7lNfjc6DRA==",
      "license": "MIT",
      "engines": {
        "node": ">=18.17"
      }
    }
  }
}
