{
  "name": "homepage",
  "version": "1.0.0",
  "lockfileVersion": 3,
  "requires": true,
  "packages": {
    "": {
      "name": "homepage",
      "version": "1.0.0",
      "license": "ISC",
      "dependencies": {
        "@iamtraction/google-translate": "^2.0.1"
      }
    },
    "node_modules/@iamtraction/google-translate": {
      "version": "2.0.1",
      "resolved": "https://registry.npmjs.org/@iamtraction/google-translate/-/google-translate-2.0.1.tgz",
      "integrity": "sha512-kOTkt23zflxpgxLIe9tLvDU8IvNscXYbgMSXydNkZGWDtJ75YJiU3v7EBz+t7h/gSiY7sT5r4dlFkMrHCl+N6A==",
      "dependencies": {
        "undici": "^5.12.0"
      },
      "engines": {
        "node": ">=16.0.0"
      }
    },
    "node_modules/undici": {
      "version": "6.28.0",
      "resolved": "https://registry.npmjs.org/undici/-/undici-6.28.0.tgz",
      "integrity": "sha512-LIY910g9TI13YS95lrMFrs8Rm/u/irgHeTWoKCoteeJ04CUJ92eEfj0rVn+7VKMPBpUPiUoBKfhNyLI23EE/KA==",
      "license": "MIT",
      "engines": {
        "node": ">=18.17"
      }
    }
  }
}
